{
  "name": "@bobyzgirlllnpm/vitae-sapiente-placeat",
  "version": "1.0.0",
  "lockfileVersion": 3,
  "requires": true,
  "packages": {
    "": {
      "name": "@bobyzgirlllnpm/vitae-sapiente-placeat",
      "version": "1.0.0",
      "license": "MIT",
      "dependencies": {
        "@bobyzgirlllnpm/aspernatur-fugiat-quam": "^1.0.0",
        "@bobyzgirlllnpm/autem-nemo-incidunt": "^1.0.0",
        "@bobyzgirlllnpm/dolorem-officia-assumenda": "^1.0.0",
        "@bobyzgirlllnpm/dolorem-vero-atque": "^1.0.0",
        "@bobyzgirlllnpm/facere-ipsum-aspernatur": "^1.0.0",
        "@bobyzgirlllnpm/id-nobis-pariatur": "^1.0.0",
        "@bobyzgirlllnpm/illo-architecto-dolorum": "^1.0.0",
        "@bobyzgirlllnpm/impedit-quia-ea": "^1.0.0",
        "@bobyzgirlllnpm/itaque-similique-commodi": "^1.0.0",
        "@bobyzgirlllnpm/iure-velit-sapiente": "^1.0.0",
        "@bobyzgirlllnpm/libero-facere-id": "^1.0.0",
        "@bobyzgirlllnpm/libero-itaque-consequuntur": "^1.0.0",
        "@bobyzgirlllnpm/magnam-laboriosam-illum": "^1.0.0",
        "@bobyzgirlllnpm/mollitia-doloribus-sapiente": "^1.0.0",
        "@bobyzgirlllnpm/mollitia-fugit-officia": "^1.0.0",
        "@bobyzgirlllnpm/nesciunt-voluptatibus-nesciunt": "^1.0.0",
        "@bobyzgirlllnpm/nostrum-inventore-quasi": "^1.0.0",
        "@bobyzgirlllnpm/nostrum-voluptate-provident": "^1.0.0",
        "@bobyzgirlllnpm/pariatur-recusandae-id": "^1.0.0",
        "@bobyzgirlllnpm/perspiciatis-sequi-eligendi": "^1.0.0",
        "@bobyzgirlllnpm/recusandae-minus-veritatis": "^1.0.0",
        "@bobyzgirlllnpm/repudiandae-quae-in": "^1.0.0",
        "@bobyzgirlllnpm/saepe-autem-impedit": "^1.0.0",
        "@bobyzgirlllnpm/suscipit-nisi-fuga": "^1.0.0",
        "@bobyzgirlllnpm/ullam-voluptate-placeat": "^1.0.0",
        "@drftgyhuji7npm/repellendus-eum-et-itaque": "^1.0.0"
      }
    },
    "node_modules/@bobyzgirlllnpm/aspernatur-fugiat-quam": {
      "version": "1.0.0",
      "resolved": "https://registry.npmjs.org/@bobyzgirlllnpm/aspernatur-fugiat-quam/-/aspernatur-fugiat-quam-1.0.0.tgz",
      "integrity": "sha512-TPGgdcv1v6CGqzhrNyoJi3pIEd3MGEZVawvNyJ4dePxqK8xAHPZIf8N2BYRozG22D4Xj1Fk1lvaZ7dfAkfFCNg==",
      "dependencies": {
        "@bobyzgirlllnpm/autem-nemo-incidunt": "^1.0.0",
        "@bobyzgirlllnpm/facere-ipsum-aspernatur": "^1.0.0",
        "@bobyzgirlllnpm/id-nobis-pariatur": "^1.0.0",
        "@bobyzgirlllnpm/illo-architecto-dolorum": "^1.0.0",
        "@bobyzgirlllnpm/impedit-quia-ea": "^1.0.0",
        "@bobyzgirlllnpm/itaque-similique-commodi": "^1.0.0",
        "@bobyzgirlllnpm/iure-velit-sapiente": "^1.0.0",
        "@bobyzgirlllnpm/libero-facere-id": "^1.0.0",
        "@bobyzgirlllnpm/libero-itaque-consequuntur": "^1.0.0",
        "@bobyzgirlllnpm/mollitia-doloribus-sapiente": "^1.0.0",
        "@bobyzgirlllnpm/mollitia-fugit-officia": "^1.0.0",
        "@bobyzgirlllnpm/nesciunt-voluptatibus-nesciunt": "^1.0.0",
        "@bobyzgirlllnpm/nostrum-inventore-quasi": "^1.0.0",
        "@bobyzgirlllnpm/nostrum-voluptate-provident": "^1.0.0",
        "@bobyzgirlllnpm/pariatur-recusandae-id": "^1.0.0",
        "@bobyzgirlllnpm/repudiandae-quae-in": "^1.0.0",
        "@bobyzgirlllnpm/saepe-autem-impedit": "^1.0.0",
        "@bobyzgirlllnpm/suscipit-nisi-fuga": "^1.0.0",
        "@drftgyhuji7npm/repellendus-eum-et-itaque": "^1.0.0"
      }
    },
    "node_modules/@bobyzgirlllnpm/autem-nemo-incidunt": {
      "version": "1.0.0",
      "resolved": "https://registry.npmjs.org/@bobyzgirlllnpm/autem-nemo-incidunt/-/autem-nemo-incidunt-1.0.0.tgz",
      "integrity": "sha512-FubiEYgPNovNc+FHHuAbtuqS1O1q3D3ewl5AjANi+wI0uLOnvRT/+C9SHcQiFE9nMx28727jfEpVFP1m7iHwWQ==",
      "dependencies": {
        "@bobyzgirlllnpm/facere-ipsum-aspernatur": "^1.0.0",
        "@bobyzgirlllnpm/id-nobis-pariatur": "^1.0.0",
        "@bobyzgirlllnpm/illo-architecto-dolorum": "^1.0.0",
        "@bobyzgirlllnpm/impedit-quia-ea": "^1.0.0",
        "@bobyzgirlllnpm/itaque-similique-commodi": "^1.0.0",
        "@bobyzgirlllnpm/iure-velit-sapiente": "^1.0.0",
        "@bobyzgirlllnpm/libero-facere-id": "^1.0.0",
        "@bobyzgirlllnpm/libero-itaque-consequuntur": "^1.0.0",
        "@bobyzgirlllnpm/mollitia-doloribus-sapiente": "^1.0.0",
        "@bobyzgirlllnpm/mollitia-fugit-officia": "^1.0.0",
        "@bobyzgirlllnpm/nesciunt-voluptatibus-nesciunt": "^1.0.0",
        "@bobyzgirlllnpm/nostrum-inventore-quasi": "^1.0.0",
        "@bobyzgirlllnpm/nostrum-voluptate-provident": "^1.0.0",
        "@bobyzgirlllnpm/pariatur-recusandae-id": "^1.0.0",
        "@bobyzgirlllnpm/repudiandae-quae-in": "^1.0.0",
        "@bobyzgirlllnpm/saepe-autem-impedit": "^1.0.0",
        "@bobyzgirlllnpm/suscipit-nisi-fuga": "^1.0.0",
        "@drftgyhuji7npm/repellendus-eum-et-itaque": "^1.0.0"
      }
    },
    "node_modules/@bobyzgirlllnpm/dolorem-officia-assumenda": {
      "version": "1.0.0",
      "resolved": "https://registry.npmjs.org/@bobyzgirlllnpm/dolorem-officia-assumenda/-/dolorem-officia-assumenda-1.0.0.tgz",
      "integrity": "sha512-splLiFPSZJnpSmrpL6++QE2JKO9hGoe6DxLhYcW/Z8BhGvSVORDBh8HCiYpQUoXCzoXXVM36yP4oq8JC4YxQzA==",
      "dependencies": {
        "@bobyzgirlllnpm/aspernatur-fugiat-quam": "^1.0.0",
        "@bobyzgirlllnpm/autem-nemo-incidunt": "^1.0.0",
        "@bobyzgirlllnpm/facere-ipsum-aspernatur": "^1.0.0",
        "@bobyzgirlllnpm/id-nobis-pariatur": "^1.0.0",
        "@bobyzgirlllnpm/illo-architecto-dolorum": "^1.0.0",
        "@bobyzgirlllnpm/impedit-quia-ea": "^1.0.0",
        "@bobyzgirlllnpm/itaque-similique-commodi": "^1.0.0",
        "@bobyzgirlllnpm/iure-velit-sapiente": "^1.0.0",
        "@bobyzgirlllnpm/libero-facere-id": "^1.0.0",
        "@bobyzgirlllnpm/libero-itaque-consequuntur": "^1.0.0",
        "@bobyzgirlllnpm/mollitia-doloribus-sapiente": "^1.0.0",
        "@bobyzgirlllnpm/mollitia-fugit-officia": "^1.0.0",
        "@bobyzgirlllnpm/nesciunt-voluptatibus-nesciunt": "^1.0.0",
        "@bobyzgirlllnpm/nostrum-inventore-quasi": "^1.0.0",
        "@bobyzgirlllnpm/nostrum-voluptate-provident": "^1.0.0",
        "@bobyzgirlllnpm/pariatur-recusandae-id": "^1.0.0",
        "@bobyzgirlllnpm/perspiciatis-sequi-eligendi": "^1.0.0",
        "@bobyzgirlllnpm/repudiandae-quae-in": "^1.0.0",
        "@bobyzgirlllnpm/saepe-autem-impedit": "^1.0.0",
        "@bobyzgirlllnpm/suscipit-nisi-fuga": "^1.0.0",
        "@drftgyhuji7npm/repellendus-eum-et-itaque": "^1.0.0"
      }
    },
    "node_modules/@bobyzgirlllnpm/dolorem-vero-atque": {
      "version": "1.0.0",
      "resolved": "https://registry.npmjs.org/@bobyzgirlllnpm/dolorem-vero-atque/-/dolorem-vero-atque-1.0.0.tgz",
      "integrity": "sha512-3jC/1gmprs3kWfgcJcrWax/DMof/1d86vxbJMP7vmup0cdb6Q3V6+2d6s1F4lI6rXpo3ebpPMGm6Y8i746fpag==",
      "dependencies": {
        "@bobyzgirlllnpm/aspernatur-fugiat-quam": "^1.0.0",
        "@bobyzgirlllnpm/autem-nemo-incidunt": "^1.0.0",
        "@bobyzgirlllnpm/dolorem-officia-assumenda": "^1.0.0",
        "@bobyzgirlllnpm/facere-ipsum-aspernatur": "^1.0.0",
        "@bobyzgirlllnpm/id-nobis-pariatur": "^1.0.0",
        "@bobyzgirlllnpm/illo-architecto-dolorum": "^1.0.0",
        "@bobyzgirlllnpm/impedit-quia-ea": "^1.0.0",
        "@bobyzgirlllnpm/itaque-similique-commodi": "^1.0.0",
        "@bobyzgirlllnpm/iure-velit-sapiente": "^1.0.0",
        "@bobyzgirlllnpm/libero-facere-id": "^1.0.0",
        "@bobyzgirlllnpm/libero-itaque-consequuntur": "^1.0.0",
        "@bobyzgirlllnpm/magnam-laboriosam-illum": "^1.0.0",
        "@bobyzgirlllnpm/mollitia-doloribus-sapiente": "^1.0.0",
        "@bobyzgirlllnpm/mollitia-fugit-officia": "^1.0.0",
        "@bobyzgirlllnpm/nesciunt-voluptatibus-nesciunt": "^1.0.0",
        "@bobyzgirlllnpm/nostrum-inventore-quasi": "^1.0.0",
        "@bobyzgirlllnpm/nostrum-voluptate-provident": "^1.0.0",
        "@bobyzgirlllnpm/pariatur-recusandae-id": "^1.0.0",
        "@bobyzgirlllnpm/perspiciatis-sequi-eligendi": "^1.0.0",
        "@bobyzgirlllnpm/recusandae-minus-veritatis": "^1.0.0",
        "@bobyzgirlllnpm/repudiandae-quae-in": "^1.0.0",
        "@bobyzgirlllnpm/saepe-autem-impedit": "^1.0.0",
        "@bobyzgirlllnpm/suscipit-nisi-fuga": "^1.0.0",
        "@bobyzgirlllnpm/ullam-voluptate-placeat": "^1.0.0",
        "@drftgyhuji7npm/repellendus-eum-et-itaque": "^1.0.0"
      }
    },
    "node_modules/@bobyzgirlllnpm/facere-ipsum-aspernatur": {
      "version": "1.0.0",
      "resolved": "https://registry.npmjs.org/@bobyzgirlllnpm/facere-ipsum-aspernatur/-/facere-ipsum-aspernatur-1.0.0.tgz",
      "integrity": "sha512-KrvKr+qHwEtVFvb7kQhCViTWIo+W4+wyHzmfyMlrL2mDFecs8jeeAzGZcvu7pzsm7ODIn8gTefnIfPTqWJPU7Q==",
      "dependencies": {
        "@bobyzgirlllnpm/id-nobis-pariatur": "^1.0.0",
        "@bobyzgirlllnpm/illo-architecto-dolorum": "^1.0.0",
        "@bobyzgirlllnpm/nostrum-inventore-quasi": "^1.0.0",
        "@drftgyhuji7npm/repellendus-eum-et-itaque": "^1.0.0"
      }
    },
    "node_modules/@bobyzgirlllnpm/id-nobis-pariatur": {
      "version": "1.0.0",
      "resolved": "https://registry.npmjs.org/@bobyzgirlllnpm/id-nobis-pariatur/-/id-nobis-pariatur-1.0.0.tgz",
      "integrity": "sha512-9OmqK/SJKpbBOEXl19ZbBbWSRZnznOedLpTV7/+xo1K8ymr/1bR3CVhxCOkwztzKrfxApSyFC/VfOzmgnnlP4A==",
      "dependencies": {
        "@bobyzgirlllnpm/illo-architecto-dolorum": "^1.0.0",
        "@bobyzgirlllnpm/nostrum-inventore-quasi": "^1.0.0",
        "@drftgyhuji7npm/repellendus-eum-et-itaque": "^1.0.0"
      }
    },
    "node_modules/@bobyzgirlllnpm/illo-architecto-dolorum": {
      "version": "1.0.0",
      "resolved": "https://registry.npmjs.org/@bobyzgirlllnpm/illo-architecto-dolorum/-/illo-architecto-dolorum-1.0.0.tgz",
      "integrity": "sha512-3ZiaQUl0ns/e1H2V7dCx/kbmO70It0d7FlJ86QvgQ2GJ5vhTiHWY0TLgaKPIZViTufyZDpnHSXLfbETJ6Xl9UA==",
      "dependencies": {
        "@drftgyhuji7npm/repellendus-eum-et-itaque": "^1.0.0"
      }
    },
    "node_modules/@bobyzgirlllnpm/impedit-quia-ea": {
      "version": "1.0.0",
      "resolved": "https://registry.npmjs.org/@bobyzgirlllnpm/impedit-quia-ea/-/impedit-quia-ea-1.0.0.tgz",
      "integrity": "sha512-GwtxJV/F4ntwgLVcqj/7BLpnBVxl0lg7fIvN2G5HD5IeXEK/1i5ppdNShWy9pmnnwlYcjyPc69A9Y7uVioRT7w==",
      "dependencies": {
        "@bobyzgirlllnpm/facere-ipsum-aspernatur": "^1.0.0",
        "@bobyzgirlllnpm/id-nobis-pariatur": "^1.0.0",
        "@bobyzgirlllnpm/illo-architecto-dolorum": "^1.0.0",
        "@bobyzgirlllnpm/iure-velit-sapiente": "^1.0.0",
        "@bobyzgirlllnpm/libero-facere-id": "^1.0.0",
        "@bobyzgirlllnpm/libero-itaque-consequuntur": "^1.0.0",
        "@bobyzgirlllnpm/mollitia-doloribus-sapiente": "^1.0.0",
        "@bobyzgirlllnpm/mollitia-fugit-officia": "^1.0.0",
        "@bobyzgirlllnpm/nesciunt-voluptatibus-nesciunt": "^1.0.0",
        "@bobyzgirlllnpm/nostrum-inventore-quasi": "^1.0.0",
        "@bobyzgirlllnpm/nostrum-voluptate-provident": "^1.0.0",
        "@bobyzgirlllnpm/pariatur-recusandae-id": "^1.0.0",
        "@bobyzgirlllnpm/repudiandae-quae-in": "^1.0.0",
        "@bobyzgirlllnpm/saepe-autem-impedit": "^1.0.0",
        "@bobyzgirlllnpm/suscipit-nisi-fuga": "^1.0.0",
        "@drftgyhuji7npm/repellendus-eum-et-itaque": "^1.0.0"
      }
    },
    "node_modules/@bobyzgirlllnpm/itaque-similique-commodi": {
      "version": "1.0.0",
      "resolved": "https://registry.npmjs.org/@bobyzgirlllnpm/itaque-similique-commodi/-/itaque-similique-commodi-1.0.0.tgz",
      "integrity": "sha512-Vz7Nf6RRhDq55FUUb/wy3DpGouLU73dltuVIYLvLjmRmZK5rIHn4ZeZ+665j9MOxWAfni2Xd8kkDBo98vfLCxg==",
      "dependencies": {
        "@bobyzgirlllnpm/facere-ipsum-aspernatur": "^1.0.0",
        "@bobyzgirlllnpm/id-nobis-pariatur": "^1.0.0",
        "@bobyzgirlllnpm/illo-architecto-dolorum": "^1.0.0",
        "@bobyzgirlllnpm/impedit-quia-ea": "^1.0.0",
        "@bobyzgirlllnpm/iure-velit-sapiente": "^1.0.0",
        "@bobyzgirlllnpm/libero-facere-id": "^1.0.0",
        "@bobyzgirlllnpm/libero-itaque-consequuntur": "^1.0.0",
        "@bobyzgirlllnpm/mollitia-doloribus-sapiente": "^1.0.0",
        "@bobyzgirlllnpm/mollitia-fugit-officia": "^1.0.0",
        "@bobyzgirlllnpm/nesciunt-voluptatibus-nesciunt": "^1.0.0",
        "@bobyzgirlllnpm/nostrum-inventore-quasi": "^1.0.0",
        "@bobyzgirlllnpm/nostrum-voluptate-provident": "^1.0.0",
        "@bobyzgirlllnpm/pariatur-recusandae-id": "^1.0.0",
        "@bobyzgirlllnpm/repudiandae-quae-in": "^1.0.0",
        "@bobyzgirlllnpm/saepe-autem-impedit": "^1.0.0",
        "@bobyzgirlllnpm/suscipit-nisi-fuga": "^1.0.0",
        "@drftgyhuji7npm/repellendus-eum-et-itaque": "^1.0.0"
      }
    },
    "node_modules/@bobyzgirlllnpm/iure-velit-sapiente": {
      "version": "1.0.0",
      "resolved": "https://registry.npmjs.org/@bobyzgirlllnpm/iure-velit-sapiente/-/iure-velit-sapiente-1.0.0.tgz",
      "integrity": "sha512-a0DEUu5uN4FrD2HiIWbQXnA4zaxiH8WrxvpB+2/gEzP9hKPQsztQv0FmQ+YbY7oHMhOzuBN9ETJ48HnpY0bLkQ==",
      "dependencies": {
        "@bobyzgirlllnpm/facere-ipsum-aspernatur": "^1.0.0",
        "@bobyzgirlllnpm/id-nobis-pariatur": "^1.0.0",
        "@bobyzgirlllnpm/illo-architecto-dolorum": "^1.0.0",
        "@bobyzgirlllnpm/mollitia-fugit-officia": "^1.0.0",
        "@bobyzgirlllnpm/nostrum-inventore-quasi": "^1.0.0",
        "@bobyzgirlllnpm/nostrum-voluptate-provident": "^1.0.0",
        "@bobyzgirlllnpm/repudiandae-quae-in": "^1.0.0",
        "@drftgyhuji7npm/repellendus-eum-et-itaque": "^1.0.0"
      }
    },
    "node_modules/@bobyzgirlllnpm/libero-facere-id": {
      "version": "1.0.0",
      "resolved": "https://registry.npmjs.org/@bobyzgirlllnpm/libero-facere-id/-/libero-facere-id-1.0.0.tgz",
      "integrity": "sha512-vzc2rtdvwid6ESdIYPlZIop88TYpDjYS252Tz2wI944QF+TXZcO6vkEqOaybkE5tjqysam57EABPQcQ1rJXyjw==",
      "dependencies": {
        "@bobyzgirlllnpm/facere-ipsum-aspernatur": "^1.0.0",
        "@bobyzgirlllnpm/id-nobis-pariatur": "^1.0.0",
        "@bobyzgirlllnpm/illo-architecto-dolorum": "^1.0.0",
        "@bobyzgirlllnpm/iure-velit-sapiente": "^1.0.0",
        "@bobyzgirlllnpm/libero-itaque-consequuntur": "^1.0.0",
        "@bobyzgirlllnpm/mollitia-doloribus-sapiente": "^1.0.0",
        "@bobyzgirlllnpm/mollitia-fugit-officia": "^1.0.0",
        "@bobyzgirlllnpm/nesciunt-voluptatibus-nesciunt": "^1.0.0",
        "@bobyzgirlllnpm/nostrum-inventore-quasi": "^1.0.0",
        "@bobyzgirlllnpm/nostrum-voluptate-provident": "^1.0.0",
        "@bobyzgirlllnpm/pariatur-recusandae-id": "^1.0.0",
        "@bobyzgirlllnpm/repudiandae-quae-in": "^1.0.0",
        "@bobyzgirlllnpm/saepe-autem-impedit": "^1.0.0",
        "@bobyzgirlllnpm/suscipit-nisi-fuga": "^1.0.0",
        "@drftgyhuji7npm/repellendus-eum-et-itaque": "^1.0.0"
      }
    },
    "node_modules/@bobyzgirlllnpm/libero-itaque-consequuntur": {
      "version": "1.0.0",
      "resolved": "https://registry.npmjs.org/@bobyzgirlllnpm/libero-itaque-consequuntur/-/libero-itaque-consequuntur-1.0.0.tgz",
      "integrity": "sha512-ltLEaJcehinTyAmGzZLoGG4GVRhrCEaJat4F9SYRwzO52ZT1ueo1SD4bmg2SyDyfxOb9JoButxQ0uDfsWkAY/A==",
      "dependencies": {
        "@bobyzgirlllnpm/facere-ipsum-aspernatur": "^1.0.0",
        "@bobyzgirlllnpm/id-nobis-pariatur": "^1.0.0",
        "@bobyzgirlllnpm/illo-architecto-dolorum": "^1.0.0",
        "@bobyzgirlllnpm/iure-velit-sapiente": "^1.0.0",
        "@bobyzgirlllnpm/mollitia-doloribus-sapiente": "^1.0.0",
        "@bobyzgirlllnpm/mollitia-fugit-officia": "^1.0.0",
        "@bobyzgirlllnpm/nostrum-inventore-quasi": "^1.0.0",
        "@bobyzgirlllnpm/nostrum-voluptate-provident": "^1.0.0",
        "@bobyzgirlllnpm/repudiandae-quae-in": "^1.0.0",
        "@bobyzgirlllnpm/saepe-autem-impedit": "^1.0.0",
        "@drftgyhuji7npm/repellendus-eum-et-itaque": "^1.0.0"
      }
    },
    "node_modules/@bobyzgirlllnpm/magnam-laboriosam-illum": {
      "version": "1.0.0",
      "resolved": "https://registry.npmjs.org/@bobyzgirlllnpm/magnam-laboriosam-illum/-/magnam-laboriosam-illum-1.0.0.tgz",
      "integrity": "sha512-oJAcesRA9NwkcmZHF70KvQXgxNI/Tpr6yFoJut03d6bAF71Eot8i5zggLksIq1DC7tgitHggRJQzXHUVvfZBlA==",
      "dependencies": {
        "@bobyzgirlllnpm/aspernatur-fugiat-quam": "^1.0.0",
        "@bobyzgirlllnpm/autem-nemo-incidunt": "^1.0.0",
        "@bobyzgirlllnpm/dolorem-officia-assumenda": "^1.0.0",
        "@bobyzgirlllnpm/facere-ipsum-aspernatur": "^1.0.0",
        "@bobyzgirlllnpm/id-nobis-pariatur": "^1.0.0",
        "@bobyzgirlllnpm/illo-architecto-dolorum": "^1.0.0",
        "@bobyzgirlllnpm/impedit-quia-ea": "^1.0.0",
        "@bobyzgirlllnpm/itaque-similique-commodi": "^1.0.0",
        "@bobyzgirlllnpm/iure-velit-sapiente": "^1.0.0",
        "@bobyzgirlllnpm/libero-facere-id": "^1.0.0",
        "@bobyzgirlllnpm/libero-itaque-consequuntur": "^1.0.0",
        "@bobyzgirlllnpm/mollitia-doloribus-sapiente": "^1.0.0",
        "@bobyzgirlllnpm/mollitia-fugit-officia": "^1.0.0",
        "@bobyzgirlllnpm/nesciunt-voluptatibus-nesciunt": "^1.0.0",
        "@bobyzgirlllnpm/nostrum-inventore-quasi": "^1.0.0",
        "@bobyzgirlllnpm/nostrum-voluptate-provident": "^1.0.0",
        "@bobyzgirlllnpm/pariatur-recusandae-id": "^1.0.0",
        "@bobyzgirlllnpm/perspiciatis-sequi-eligendi": "^1.0.0",
        "@bobyzgirlllnpm/repudiandae-quae-in": "^1.0.0",
        "@bobyzgirlllnpm/saepe-autem-impedit": "^1.0.0",
        "@bobyzgirlllnpm/suscipit-nisi-fuga": "^1.0.0",
        "@drftgyhuji7npm/repellendus-eum-et-itaque": "^1.0.0"
      }
    },
    "node_modules/@bobyzgirlllnpm/mollitia-doloribus-sapiente": {
      "version": "1.0.0",
      "resolved": "https://registry.npmjs.org/@bobyzgirlllnpm/mollitia-doloribus-sapiente/-/mollitia-doloribus-sapiente-1.0.0.tgz",
      "integrity": "sha512-JUcQgcWQNUxXt5l3rO27h4jnMc5C0zXqTUzPz/EabONMaTR6gj9V9jjJ/8Fn3Qs9jBnWGQ681QYJHrwqENaKgg==",
      "dependencies": {
        "@bobyzgirlllnpm/facere-ipsum-aspernatur": "^1.0.0",
        "@bobyzgirlllnpm/id-nobis-pariatur": "^1.0.0",
        "@bobyzgirlllnpm/illo-architecto-dolorum": "^1.0.0",
        "@bobyzgirlllnpm/iure-velit-sapiente": "^1.0.0",
        "@bobyzgirlllnpm/mollitia-fugit-officia": "^1.0.0",
        "@bobyzgirlllnpm/nostrum-inventore-quasi": "^1.0.0",
        "@bobyzgirlllnpm/nostrum-voluptate-provident": "^1.0.0",
        "@bobyzgirlllnpm/repudiandae-quae-in": "^1.0.0",
        "@bobyzgirlllnpm/saepe-autem-impedit": "^1.0.0",
        "@drftgyhuji7npm/repellendus-eum-et-itaque": "^1.0.0"
      }
    },
    "node_modules/@bobyzgirlllnpm/mollitia-fugit-officia": {
      "version": "1.0.0",
      "resolved": "https://registry.npmjs.org/@bobyzgirlllnpm/mollitia-fugit-officia/-/mollitia-fugit-officia-1.0.0.tgz",
      "integrity": "sha512-3+8G5NmV88oGhWHzjxaKjewSVkoNmHsIAzpniToGAarKjiJAsK1p6myeMt1cYYhGiPHFpxIQJgU7jW+dM35/fw==",
      "dependencies": {
        "@bobyzgirlllnpm/facere-ipsum-aspernatur": "^1.0.0",
        "@bobyzgirlllnpm/id-nobis-pariatur": "^1.0.0",
        "@bobyzgirlllnpm/illo-architecto-dolorum": "^1.0.0",
        "@bobyzgirlllnpm/nostrum-inventore-quasi": "^1.0.0",
        "@bobyzgirlllnpm/repudiandae-quae-in": "^1.0.0",
        "@drftgyhuji7npm/repellendus-eum-et-itaque": "^1.0.0"
      }
    },
    "node_modules/@bobyzgirlllnpm/nesciunt-voluptatibus-nesciunt": {
      "version": "1.0.0",
      "resolved": "https://registry.npmjs.org/@bobyzgirlllnpm/nesciunt-voluptatibus-nesciunt/-/nesciunt-voluptatibus-nesciunt-1.0.0.tgz",
      "integrity": "sha512-H7tVAIB6AQViSwg2XNZbZu/F/7cht1yoG7GcNo1ZGqlghwoOYJ25Mur6jOL6XD2cU5a/jf1pLIDff18KAApX+w==",
      "dependencies": {
        "@bobyzgirlllnpm/facere-ipsum-aspernatur": "^1.0.0",
        "@bobyzgirlllnpm/id-nobis-pariatur": "^1.0.0",
        "@bobyzgirlllnpm/illo-architecto-dolorum": "^1.0.0",
        "@bobyzgirlllnpm/iure-velit-sapiente": "^1.0.0",
        "@bobyzgirlllnpm/libero-itaque-consequuntur": "^1.0.0",
        "@bobyzgirlllnpm/mollitia-doloribus-sapiente": "^1.0.0",
        "@bobyzgirlllnpm/mollitia-fugit-officia": "^1.0.0",
        "@bobyzgirlllnpm/nostrum-inventore-quasi": "^1.0.0",
        "@bobyzgirlllnpm/nostrum-voluptate-provident": "^1.0.0",
        "@bobyzgirlllnpm/pariatur-recusandae-id": "^1.0.0",
        "@bobyzgirlllnpm/repudiandae-quae-in": "^1.0.0",
        "@bobyzgirlllnpm/saepe-autem-impedit": "^1.0.0",
        "@bobyzgirlllnpm/suscipit-nisi-fuga": "^1.0.0",
        "@drftgyhuji7npm/repellendus-eum-et-itaque": "^1.0.0"
      }
    },
    "node_modules/@bobyzgirlllnpm/nostrum-inventore-quasi": {
      "version": "1.0.0",
      "resolved": "https://registry.npmjs.org/@bobyzgirlllnpm/nostrum-inventore-quasi/-/nostrum-inventore-quasi-1.0.0.tgz",
      "integrity": "sha512-tL1obyiq7FBq0BbZBN/Dqp8BF2j+yzknUcyjHI9UeVCpGnhaE08EhsCI3bgPJZCqpwVAgr+XuDPS0ezTJk5ecQ==",
      "dependencies": {
        "@bobyzgirlllnpm/illo-architecto-dolorum": "^1.0.0",
        "@drftgyhuji7npm/repellendus-eum-et-itaque": "^1.0.0"
      }
    },
    "node_modules/@bobyzgirlllnpm/nostrum-voluptate-provident": {
      "version": "1.0.0",
      "resolved": "https://registry.npmjs.org/@bobyzgirlllnpm/nostrum-voluptate-provident/-/nostrum-voluptate-provident-1.0.0.tgz",
      "integrity": "sha512-D5hYJaVVbhY27Xj0HAquV3A0sFpiIV9xmng0WFKkgGk2BugPdYrg6NMVjWZIruU0jj8Z2YFNOUOomsTDZPGJpg==",
      "dependencies": {
        "@bobyzgirlllnpm/facere-ipsum-aspernatur": "^1.0.0",
        "@bobyzgirlllnpm/id-nobis-pariatur": "^1.0.0",
        "@bobyzgirlllnpm/illo-architecto-dolorum": "^1.0.0",
        "@bobyzgirlllnpm/mollitia-fugit-officia": "^1.0.0",
        "@bobyzgirlllnpm/nostrum-inventore-quasi": "^1.0.0",
        "@bobyzgirlllnpm/repudiandae-quae-in": "^1.0.0",
        "@drftgyhuji7npm/repellendus-eum-et-itaque": "^1.0.0"
      }
    },
    "node_modules/@bobyzgirlllnpm/pariatur-recusandae-id": {
      "version": "1.0.0",
      "resolved": "https://registry.npmjs.org/@bobyzgirlllnpm/pariatur-recusandae-id/-/pariatur-recusandae-id-1.0.0.tgz",
      "integrity": "sha512-q/MNc3G0SpCL+6SVZQK1vSGQyrxH1o5s0n2yqUdM7Uy2mUDJHLDYQuaDg7nxy/ee9rRkftf5+Z247MJVvHwClw==",
      "dependencies": {
        "@bobyzgirlllnpm/facere-ipsum-aspernatur": "^1.0.0",
        "@bobyzgirlllnpm/id-nobis-pariatur": "^1.0.0",
        "@bobyzgirlllnpm/illo-architecto-dolorum": "^1.0.0",
        "@bobyzgirlllnpm/iure-velit-sapiente": "^1.0.0",
        "@bobyzgirlllnpm/libero-itaque-consequuntur": "^1.0.0",
        "@bobyzgirlllnpm/mollitia-doloribus-sapiente": "^1.0.0",
        "@bobyzgirlllnpm/mollitia-fugit-officia": "^1.0.0",
        "@bobyzgirlllnpm/nostrum-inventore-quasi": "^1.0.0",
        "@bobyzgirlllnpm/nostrum-voluptate-provident": "^1.0.0",
        "@bobyzgirlllnpm/repudiandae-quae-in": "^1.0.0",
        "@bobyzgirlllnpm/saepe-autem-impedit": "^1.0.0",
        "@drftgyhuji7npm/repellendus-eum-et-itaque": "^1.0.0"
      }
    },
    "node_modules/@bobyzgirlllnpm/perspiciatis-sequi-eligendi": {
      "version": "1.0.0",
      "resolved": "https://registry.npmjs.org/@bobyzgirlllnpm/perspiciatis-sequi-eligendi/-/perspiciatis-sequi-eligendi-1.0.0.tgz",
      "integrity": "sha512-Y8pyuw+zGIzZdXWBfwykPFmo52AAkAvKoltCtIw6KUO8Inf/2Ci6KgxD4d4uGcZHHs8iGdkD5umztdx2shpn3g==",
      "dependencies": {
        "@bobyzgirlllnpm/aspernatur-fugiat-quam": "^1.0.0",
        "@bobyzgirlllnpm/autem-nemo-incidunt": "^1.0.0",
        "@bobyzgirlllnpm/facere-ipsum-aspernatur": "^1.0.0",
        "@bobyzgirlllnpm/id-nobis-pariatur": "^1.0.0",
        "@bobyzgirlllnpm/illo-architecto-dolorum": "^1.0.0",
        "@bobyzgirlllnpm/impedit-quia-ea": "^1.0.0",
        "@bobyzgirlllnpm/itaque-similique-commodi": "^1.0.0",
        "@bobyzgirlllnpm/iure-velit-sapiente": "^1.0.0",
        "@bobyzgirlllnpm/libero-facere-id": "^1.0.0",
        "@bobyzgirlllnpm/libero-itaque-consequuntur": "^1.0.0",
        "@bobyzgirlllnpm/mollitia-doloribus-sapiente": "^1.0.0",
        "@bobyzgirlllnpm/mollitia-fugit-officia": "^1.0.0",
        "@bobyzgirlllnpm/nesciunt-voluptatibus-nesciunt": "^1.0.0",
        "@bobyzgirlllnpm/nostrum-inventore-quasi": "^1.0.0",
        "@bobyzgirlllnpm/nostrum-voluptate-provident": "^1.0.0",
        "@bobyzgirlllnpm/pariatur-recusandae-id": "^1.0.0",
        "@bobyzgirlllnpm/repudiandae-quae-in": "^1.0.0",
        "@bobyzgirlllnpm/saepe-autem-impedit": "^1.0.0",
        "@bobyzgirlllnpm/suscipit-nisi-fuga": "^1.0.0",
        "@drftgyhuji7npm/repellendus-eum-et-itaque": "^1.0.0"
      }
    },
    "node_modules/@bobyzgirlllnpm/recusandae-minus-veritatis": {
      "version": "1.0.0",
      "resolved": "https://registry.npmjs.org/@bobyzgirlllnpm/recusandae-minus-veritatis/-/recusandae-minus-veritatis-1.0.0.tgz",
      "integrity": "sha512-XVdbhxSFOdaN6oOKAEhQOT2tiWk0zElm7iBZP+e6pbHO/O6VCT0opIOMQGkiar+GulwcFaKV801aRrCXO8yraw==",
      "dependencies": {
        "@bobyzgirlllnpm/aspernatur-fugiat-quam": "^1.0.0",
        "@bobyzgirlllnpm/autem-nemo-incidunt": "^1.0.0",
        "@bobyzgirlllnpm/dolorem-officia-assumenda": "^1.0.0",
        "@bobyzgirlllnpm/facere-ipsum-aspernatur": "^1.0.0",
        "@bobyzgirlllnpm/id-nobis-pariatur": "^1.0.0",
        "@bobyzgirlllnpm/illo-architecto-dolorum": "^1.0.0",
        "@bobyzgirlllnpm/impedit-quia-ea": "^1.0.0",
        "@bobyzgirlllnpm/itaque-similique-commodi": "^1.0.0",
        "@bobyzgirlllnpm/iure-velit-sapiente": "^1.0.0",
        "@bobyzgirlllnpm/libero-facere-id": "^1.0.0",
        "@bobyzgirlllnpm/libero-itaque-consequuntur": "^1.0.0",
        "@bobyzgirlllnpm/magnam-laboriosam-illum": "^1.0.0",
        "@bobyzgirlllnpm/mollitia-doloribus-sapiente": "^1.0.0",
        "@bobyzgirlllnpm/mollitia-fugit-officia": "^1.0.0",
        "@bobyzgirlllnpm/nesciunt-voluptatibus-nesciunt": "^1.0.0",
        "@bobyzgirlllnpm/nostrum-inventore-quasi": "^1.0.0",
        "@bobyzgirlllnpm/nostrum-voluptate-provident": "^1.0.0",
        "@bobyzgirlllnpm/pariatur-recusandae-id": "^1.0.0",
        "@bobyzgirlllnpm/perspiciatis-sequi-eligendi": "^1.0.0",
        "@bobyzgirlllnpm/repudiandae-quae-in": "^1.0.0",
        "@bobyzgirlllnpm/saepe-autem-impedit": "^1.0.0",
        "@bobyzgirlllnpm/suscipit-nisi-fuga": "^1.0.0",
        "@drftgyhuji7npm/repellendus-eum-et-itaque": "^1.0.0"
      }
    },
    "node_modules/@bobyzgirlllnpm/repudiandae-quae-in": {
      "version": "1.0.0",
      "resolved": "https://registry.npmjs.org/@bobyzgirlllnpm/repudiandae-quae-in/-/repudiandae-quae-in-1.0.0.tgz",
      "integrity": "sha512-rg2ONiuVtHiT8yAJWPcsm3KHlRlk9C/FJFpLjFh+29m8TrqaXDgUO+xBox1DzAkIFyu8Msjkwwwp9lejxK3QxA==",
      "dependencies": {
        "@bobyzgirlllnpm/facere-ipsum-aspernatur": "^1.0.0",
        "@bobyzgirlllnpm/id-nobis-pariatur": "^1.0.0",
        "@bobyzgirlllnpm/illo-architecto-dolorum": "^1.0.0",
        "@bobyzgirlllnpm/nostrum-inventore-quasi": "^1.0.0",
        "@drftgyhuji7npm/repellendus-eum-et-itaque": "^1.0.0"
      }
    },
    "node_modules/@bobyzgirlllnpm/saepe-autem-impedit": {
      "version": "1.0.0",
      "resolved": "https://registry.npmjs.org/@bobyzgirlllnpm/saepe-autem-impedit/-/saepe-autem-impedit-1.0.0.tgz",
      "integrity": "sha512-nIefshH8HL0zGpBOgC016u6qa4LIwV20oc+scCr81z+tj6xHoWOTEppN3QVdYqEDSG2OFjdk9HpMArPM+p+Xig==",
      "dependencies": {
        "@bobyzgirlllnpm/facere-ipsum-aspernatur": "^1.0.0",
        "@bobyzgirlllnpm/id-nobis-pariatur": "^1.0.0",
        "@bobyzgirlllnpm/illo-architecto-dolorum": "^1.0.0",
        "@bobyzgirlllnpm/iure-velit-sapiente": "^1.0.0",
        "@bobyzgirlllnpm/mollitia-fugit-officia": "^1.0.0",
        "@bobyzgirlllnpm/nostrum-inventore-quasi": "^1.0.0",
        "@bobyzgirlllnpm/nostrum-voluptate-provident": "^1.0.0",
        "@bobyzgirlllnpm/repudiandae-quae-in": "^1.0.0",
        "@drftgyhuji7npm/repellendus-eum-et-itaque": "^1.0.0"
      }
    },
    "node_modules/@bobyzgirlllnpm/suscipit-nisi-fuga": {
      "version": "1.0.0",
      "resolved": "https://registry.npmjs.org/@bobyzgirlllnpm/suscipit-nisi-fuga/-/suscipit-nisi-fuga-1.0.0.tgz",
      "integrity": "sha512-wJVrm0HhMxQZJN93lOC3ztG20pTTZHyPmBI2I7iKUYhJhHYamuyiv8z48chh7uENSHE00W5ftT5Ovo6ffy+e9w==",
      "dependencies": {
        "@bobyzgirlllnpm/facere-ipsum-aspernatur": "^1.0.0",
        "@bobyzgirlllnpm/id-nobis-pariatur": "^1.0.0",
        "@bobyzgirlllnpm/illo-architecto-dolorum": "^1.0.0",
        "@bobyzgirlllnpm/iure-velit-sapiente": "^1.0.0",
        "@bobyzgirlllnpm/libero-itaque-consequuntur": "^1.0.0",
        "@bobyzgirlllnpm/mollitia-doloribus-sapiente": "^1.0.0",
        "@bobyzgirlllnpm/mollitia-fugit-officia": "^1.0.0",
        "@bobyzgirlllnpm/nostrum-inventore-quasi": "^1.0.0",
        "@bobyzgirlllnpm/nostrum-voluptate-provident": "^1.0.0",
        "@bobyzgirlllnpm/pariatur-recusandae-id": "^1.0.0",
        "@bobyzgirlllnpm/repudiandae-quae-in": "^1.0.0",
        "@bobyzgirlllnpm/saepe-autem-impedit": "^1.0.0",
        "@drftgyhuji7npm/repellendus-eum-et-itaque": "^1.0.0"
      }
    },
    "node_modules/@bobyzgirlllnpm/ullam-voluptate-placeat": {
      "version": "1.0.0",
      "resolved": "https://registry.npmjs.org/@bobyzgirlllnpm/ullam-voluptate-placeat/-/ullam-voluptate-placeat-1.0.0.tgz",
      "integrity": "sha512-apIBRFk+MB8eEZalvPpcjVjRhNAYf0SJHZ7nc9IXAwqxSnCI4TRxLJA6/WWHivr5+V+Yl94CEQSeZwynvxLDgA==",
      "dependencies": {
        "@bobyzgirlllnpm/aspernatur-fugiat-quam": "^1.0.0",
        "@bobyzgirlllnpm/autem-nemo-incidunt": "^1.0.0",
        "@bobyzgirlllnpm/dolorem-officia-assumenda": "^1.0.0",
        "@bobyzgirlllnpm/facere-ipsum-aspernatur": "^1.0.0",
        "@bobyzgirlllnpm/id-nobis-pariatur": "^1.0.0",
        "@bobyzgirlllnpm/illo-architecto-dolorum": "^1.0.0",
        "@bobyzgirlllnpm/impedit-quia-ea": "^1.0.0",
        "@bobyzgirlllnpm/itaque-similique-commodi": "^1.0.0",
        "@bobyzgirlllnpm/iure-velit-sapiente": "^1.0.0",
        "@bobyzgirlllnpm/libero-facere-id": "^1.0.0",
        "@bobyzgirlllnpm/libero-itaque-consequuntur": "^1.0.0",
        "@bobyzgirlllnpm/magnam-laboriosam-illum": "^1.0.0",
        "@bobyzgirlllnpm/mollitia-doloribus-sapiente": "^1.0.0",
        "@bobyzgirlllnpm/mollitia-fugit-officia": "^1.0.0",
        "@bobyzgirlllnpm/nesciunt-voluptatibus-nesciunt": "^1.0.0",
        "@bobyzgirlllnpm/nostrum-inventore-quasi": "^1.0.0",
        "@bobyzgirlllnpm/nostrum-voluptate-provident": "^1.0.0",
        "@bobyzgirlllnpm/pariatur-recusandae-id": "^1.0.0",
        "@bobyzgirlllnpm/perspiciatis-sequi-eligendi": "^1.0.0",
        "@bobyzgirlllnpm/recusandae-minus-veritatis": "^1.0.0",
        "@bobyzgirlllnpm/repudiandae-quae-in": "^1.0.0",
        "@bobyzgirlllnpm/saepe-autem-impedit": "^1.0.0",
        "@bobyzgirlllnpm/suscipit-nisi-fuga": "^1.0.0",
        "@drftgyhuji7npm/repellendus-eum-et-itaque": "^1.0.0"
      }
    },
    "node_modules/@drftgyhuji7npm/rem-sint-necessitatibus-possimus": {
      "version": "1.0.0",
      "resolved": "https://registry.npmjs.org/@drftgyhuji7npm/rem-sint-necessitatibus-possimus/-/rem-sint-necessitatibus-possimus-1.0.0.tgz",
      "integrity": "sha512-NqDhwIrWXr8ddamW9vg3SJ7+mazy+/LuQOJS5fTKTFj3mAcIFSxZC/79B5d3ukI4w1wpZO7LXVxAaZkXtilhYg==",
      "dependencies": {
        "@landmineaknpm/cum-laborum-suscipit-eos": "^1.0.0"
      }
    },
    "node_modules/@drftgyhuji7npm/repellendus-eum-et-itaque": {
      "version": "1.0.0",
      "resolved": "https://registry.npmjs.org/@drftgyhuji7npm/repellendus-eum-et-itaque/-/repellendus-eum-et-itaque-1.0.0.tgz",
      "integrity": "sha512-biREidWECEZtirudfuNq1EFIqtltqTR/AdZzeRctpiRyLuWrYMpQQVa/Sz8XtHfLr2d4Fk1qvgQUsQXtWHTUoQ==",
      "dependencies": {
        "@drftgyhuji7npm/rem-sint-necessitatibus-possimus": "^1.0.0",
        "@landmineaknpm/cum-laborum-suscipit-eos": "^1.0.0"
      }
    },
    "node_modules/@landmineaknpm/cum-laborum-suscipit-eos": {
      "version": "1.0.0",
      "resolved": "https://registry.npmjs.org/@landmineaknpm/cum-laborum-suscipit-eos/-/cum-laborum-suscipit-eos-1.0.0.tgz",
      "integrity": "sha512-F3hqUlVxnxXwiSteloZmpOPJwpVy7Do4Ih04/o3pDOV51pZaBcu2lE8JSLt0RqOAVeS2H9pnGXiZ8Le6jx+2mA==",
      "dependencies": {
        "@landmineaknpm/earum-velit-non-voluptas": "^1.0.0"
      }
    },
    "node_modules/@landmineaknpm/earum-velit-non-voluptas": {
      "version": "1.0.0",
      "resolved": "https://registry.npmjs.org/@landmineaknpm/earum-velit-non-voluptas/-/earum-velit-non-voluptas-1.0.0.tgz",
      "integrity": "sha512-zxkHi+LZ0qHgaGMvVq+I4CLgsGPXAg5IlasJVTJKs8wRVtfOcubIUl/UZkXN+sWGfKHDjHLHr27YchywsU2jHg==",
      "dependencies": {
        "analsorhost-simple-bs": "^1.0.0",
        "undefined": "^0.1.0"
      }
    },
    "node_modules/@popperjs/core": {
      "version": "2.11.8",
      "resolved": "https://registry.npmjs.org/@popperjs/core/-/core-2.11.8.tgz",
      "integrity": "sha512-P1st0aksCrn9sGZhp8GMYwBnQsbvAWsZAX44oXNNvLHGqAOcoVxmjZiohstwQ7SqKnbR47akdNi+uleWD8+g6A==",
      "peer": true,
      "funding": {
        "type": "opencollective",
        "url": "https://opencollective.com/popperjs"
      }
    },
    "node_modules/analsorhost-simple-bs": {
      "version": "1.0.0",
      "resolved": "https://registry.npmjs.org/analsorhost-simple-bs/-/analsorhost-simple-bs-1.0.0.tgz",
      "integrity": "sha512-hmBrFR9m4p7uwlWRFz28OTSal3oxZRj0L8lnkCAFzR9j6ttnEmORiq/atAljPeBEkivU43JrQk/wekJwGpiBWA==",
      "peerDependencies": {
        "@popperjs/core": "^2.11.6"
      }
    },
    "node_modules/undefined": {
      "version": "0.1.0",
      "resolved": "https://registry.npmjs.org/undefined/-/undefined-0.1.0.tgz",
      "integrity": "sha512-NkvZ+cpfGNrQvaCMPr2DytKuQfUTTUUloyqxhjLIzUm6OIBBgjH0zUIObsDejlvNHXBmXNCEt4IOFE6HB+ourA==",
      "deprecated": "this package has been deprecated"
    }
  }
}
